
Microsoft Visual Studio Solution File, Format Version 12.00
# Visual Studio Version 16
VisualStudioVersion = 16.0.29411.108
MinimumVisualStudioVersion = 10.0.40219.1
Project("{FAE04EC0-301F-11D3-BF4B-00C04F79EFBC}") = "BaiTapTuan2.Android", "BaiTapTuan2\BaiTapTuan2.Android\BaiTapTuan2.Android.csproj", "{A541AA91-AC53-4F8B-BB4D-AF33EDEE42F7}"
EndProject
Project("{FAE04EC0-301F-11D3-BF4B-00C04F79EFBC}") = "BaiTapTuan2.iOS", "BaiTapTuan2\BaiTapTuan2.iOS\BaiTapTuan2.iOS.csproj", "{FB42B555-D60A-405A-A75A-59A4C5747112}"
EndProject
Project("{9A19103F-16F7-4668-BE54-9A1E7A4F7556}") = "BaiTapTuan2", "BaiTapTuan2\BaiTapTuan2\BaiTapTuan2.csproj", "{AF6BDA48-40DF-4669-9B55-D1B51782A4E5}"
EndProject
Project("{FAE04EC0-301F-11D3-BF4B-00C04F79EFBC}") = "Tuan3.Android", "Tuan3\Tuan3.Android\Tuan3.Android.csproj", "{0152320E-D080-457A-8DA7-731AA05A78E2}"
EndProject
Project("{FAE04EC0-301F-11D3-BF4B-00C04F79EFBC}") = "Tuan3.iOS", "Tuan3\Tuan3.iOS\Tuan3.iOS.csproj", "{74A3B0B8-24ED-4687-93C4-158F77C0BADA}"
EndProject
Project("{9A19103F-16F7-4668-BE54-9A1E7A4F7556}") = "Tuan3", "Tuan3\Tuan3\Tuan3.csproj", "{CD874648-5068-42A1-90F0-064D89FBCCEC}"
EndProject
Project("{FAE04EC0-301F-11D3-BF4B-00C04F79EFBC}") = "Tuan4_MVVM.Android", "Tuan4_MVVM\Tuan4_MVVM.Android\Tuan4_MVVM.Android.csproj", "{DF3A9DCD-E017-4CBC-9875-DABB9E4D2E23}"
EndProject
Project("{FAE04EC0-301F-11D3-BF4B-00C04F79EFBC}") = "Tuan4_MVVM.iOS", "Tuan4_MVVM\Tuan4_MVVM.iOS\Tuan4_MVVM.iOS.csproj", "{8AFFA212-0EDD-42C5-9DED-A7C2147F1511}"
EndProject
Project("{FAE04EC0-301F-11D3-BF4B-00C04F79EFBC}") = "Tuan4_MVVM", "Tuan4_MVVM\Tuan4_MVVM\Tuan4_MVVM.csproj", "{2F5EFD02-123A-4CE6-A4F9-D92EB743B38E}"
EndProject
Global
	GlobalSection(SolutionConfigurationPlatforms) = preSolution
		Debug|Any CPU = Debug|Any CPU
		Debug|iPhone = Debug|iPhone
		Debug|iPhoneSimulator = Debug|iPhoneSimulator
		Release|Any CPU = Release|Any CPU
		Release|iPhone = Release|iPhone
		Release|iPhoneSimulator = Release|iPhoneSimulator
	EndGlobalSection
	GlobalSection(ProjectConfigurationPlatforms) = postSolution
		{A541AA91-AC53-4F8B-BB4D-AF33EDEE42F7}.Debug|Any CPU.ActiveCfg = Debug|Any CPU
		{A541AA91-AC53-4F8B-BB4D-AF33EDEE42F7}.Debug|Any CPU.Build.0 = Debug|Any CPU
		{A541AA91-AC53-4F8B-BB4D-AF33EDEE42F7}.Debug|Any CPU.Deploy.0 = Debug|Any CPU
		{A541AA91-AC53-4F8B-BB4D-AF33EDEE42F7}.Debug|iPhone.ActiveCfg = Debug|Any CPU
		{A541AA91-AC53-4F8B-BB4D-AF33EDEE42F7}.Debug|iPhone.Build.0 = Debug|Any CPU
		{A541AA91-AC53-4F8B-BB4D-AF33EDEE42F7}.Debug|iPhone.Deploy.0 = Debug|Any CPU
		{A541AA91-AC53-4F8B-BB4D-AF33EDEE42F7}.Debug|iPhoneSimulator.ActiveCfg = Debug|Any CPU
		{A541AA91-AC53-4F8B-BB4D-AF33EDEE42F7}.Debug|iPhoneSimulator.Build.0 = Debug|Any CPU
		{A541AA91-AC53-4F8B-BB4D-AF33EDEE42F7}.Debug|iPhoneSimulator.Deploy.0 = Debug|Any CPU
		{A541AA91-AC53-4F8B-BB4D-AF33EDEE42F7}.Release|Any CPU.ActiveCfg = Release|Any CPU
		{A541AA91-AC53-4F8B-BB4D-AF33EDEE42F7}.Release|Any CPU.Build.0 = Release|Any CPU
		{A541AA91-AC53-4F8B-BB4D-AF33EDEE42F7}.Release|Any CPU.Deploy.0 = Release|Any CPU
		{A541AA91-AC53-4F8B-BB4D-AF33EDEE42F7}.Release|iPhone.ActiveCfg = Release|Any CPU
		{A541AA91-AC53-4F8B-BB4D-AF33EDEE42F7}.Release|iPhone.Build.0 = Release|Any CPU
		{A541AA91-AC53-4F8B-BB4D-AF33EDEE42F7}.Release|iPhone.Deploy.0 = Release|Any CPU
		{A541AA91-AC53-4F8B-BB4D-AF33EDEE42F7}.Release|iPhoneSimulator.ActiveCfg = Release|Any CPU
		{A541AA91-AC53-4F8B-BB4D-AF33EDEE42F7}.Release|iPhoneSimulator.Build.0 = Release|Any CPU
		{A541AA91-AC53-4F8B-BB4D-AF33EDEE42F7}.Release|iPhoneSimulator.Deploy.0 = Release|Any CPU
		{FB42B555-D60A-405A-A75A-59A4C5747112}.Debug|Any CPU.ActiveCfg = Debug|iPhoneSimulator
		{FB42B555-D60A-405A-A75A-59A4C5747112}.Debug|Any CPU.Build.0 = Debug|iPhoneSimulator
		{FB42B555-D60A-405A-A75A-59A4C5747112}.Debug|Any CPU.Deploy.0 = Debug|iPhoneSimulator
		{FB42B555-D60A-405A-A75A-59A4C5747112}.Debug|iPhone.ActiveCfg = Debug|iPhone
		{FB42B555-D60A-405A-A75A-59A4C5747112}.Debug|iPhone.Build.0 = Debug|iPhone
		{FB42B555-D60A-405A-A75A-59A4C5747112}.Debug|iPhone.Deploy.0 = Debug|iPhone
		{FB42B555-D60A-405A-A75A-59A4C5747112}.Debug|iPhoneSimulator.ActiveCfg = Debug|iPhoneSimulator
		{FB42B555-D60A-405A-A75A-59A4C5747112}.Debug|iPhoneSimulator.Build.0 = Debug|iPhoneSimulator
		{FB42B555-D60A-405A-A75A-59A4C5747112}.Debug|iPhoneSimulator.Deploy.0 = Debug|iPhoneSimulator
		{FB42B555-D60A-405A-A75A-59A4C5747112}.Release|Any CPU.ActiveCfg = Release|iPhone
		{FB42B555-D60A-405A-A75A-59A4C5747112}.Release|Any CPU.Build.0 = Release|iPhone
		{FB42B555-D60A-405A-A75A-59A4C5747112}.Release|Any CPU.Deploy.0 = Release|iPhone
		{FB42B555-D60A-405A-A75A-59A4C5747112}.Release|iPhone.ActiveCfg = Release|iPhone
		{FB42B555-D60A-405A-A75A-59A4C5747112}.Release|iPhone.Build.0 = Release|iPhone
		{FB42B555-D60A-405A-A75A-59A4C5747112}.Release|iPhone.Deploy.0 = Release|iPhone
		{FB42B555-D60A-405A-A75A-59A4C5747112}.Release|iPhoneSimulator.ActiveCfg = Release|iPhoneSimulator
		{FB42B555-D60A-405A-A75A-59A4C5747112}.Release|iPhoneSimulator.Build.0 = Release|iPhoneSimulator
		{FB42B555-D60A-405A-A75A-59A4C5747112}.Release|iPhoneSimulator.Deploy.0 = Release|iPhoneSimulator
		{AF6BDA48-40DF-4669-9B55-D1B51782A4E5}.Debug|Any CPU.ActiveCfg = Debug|Any CPU
		{AF6BDA48-40DF-4669-9B55-D1B51782A4E5}.Debug|Any CPU.Build.0 = Debug|Any CPU
		{AF6BDA48-40DF-4669-9B55-D1B51782A4E5}.Debug|Any CPU.Deploy.0 = Debug|Any CPU
		{AF6BDA48-40DF-4669-9B55-D1B51782A4E5}.Debug|iPhone.ActiveCfg = Debug|Any CPU
		{AF6BDA48-40DF-4669-9B55-D1B51782A4E5}.Debug|iPhone.Build.0 = Debug|Any CPU
		{AF6BDA48-40DF-4669-9B55-D1B51782A4E5}.Debug|iPhone.Deploy.0 = Debug|Any CPU
		{AF6BDA48-40DF-4669-9B55-D1B51782A4E5}.Debug|iPhoneSimulator.ActiveCfg = Debug|Any CPU
		{AF6BDA48-40DF-4669-9B55-D1B51782A4E5}.Debug|iPhoneSimulator.Build.0 = Debug|Any CPU
		{AF6BDA48-40DF-4669-9B55-D1B51782A4E5}.Debug|iPhoneSimulator.Deploy.0 = Debug|Any CPU
		{AF6BDA48-40DF-4669-9B55-D1B51782A4E5}.Release|Any CPU.ActiveCfg = Release|Any CPU
		{AF6BDA48-40DF-4669-9B55-D1B51782A4E5}.Release|Any CPU.Build.0 = Release|Any CPU
		{AF6BDA48-40DF-4669-9B55-D1B51782A4E5}.Release|Any CPU.Deploy.0 = Release|Any CPU
		{AF6BDA48-40DF-4669-9B55-D1B51782A4E5}.Release|iPhone.ActiveCfg = Release|Any CPU
		{AF6BDA48-40DF-4669-9B55-D1B51782A4E5}.Release|iPhone.Build.0 = Release|Any CPU
		{AF6BDA48-40DF-4669-9B55-D1B51782A4E5}.Release|iPhone.Deploy.0 = Release|Any CPU
		{AF6BDA48-40DF-4669-9B55-D1B51782A4E5}.Release|iPhoneSimulator.ActiveCfg = Release|Any CPU
		{AF6BDA48-40DF-4669-9B55-D1B51782A4E5}.Release|iPhoneSimulator.Build.0 = Release|Any CPU
		{AF6BDA48-40DF-4669-9B55-D1B51782A4E5}.Release|iPhoneSimulator.Deploy.0 = Release|Any CPU
		{0152320E-D080-457A-8DA7-731AA05A78E2}.Debug|Any CPU.ActiveCfg = Debug|Any CPU
		{0152320E-D080-457A-8DA7-731AA05A78E2}.Debug|Any CPU.Build.0 = Debug|Any CPU
		{0152320E-D080-457A-8DA7-731AA05A78E2}.Debug|Any CPU.Deploy.0 = Debug|Any CPU
		{0152320E-D080-457A-8DA7-731AA05A78E2}.Debug|iPhone.ActiveCfg = Debug|Any CPU
		{0152320E-D080-457A-8DA7-731AA05A78E2}.Debug|iPhone.Build.0 = Debug|Any CPU
		{0152320E-D080-457A-8DA7-731AA05A78E2}.Debug|iPhone.Deploy.0 = Debug|Any CPU
		{0152320E-D080-457A-8DA7-731AA05A78E2}.Debug|iPhoneSimulator.ActiveCfg = Debug|Any CPU
		{0152320E-D080-457A-8DA7-731AA05A78E2}.Debug|iPhoneSimulator.Build.0 = Debug|Any CPU
		{0152320E-D080-457A-8DA7-731AA05A78E2}.Debug|iPhoneSimulator.Deploy.0 = Debug|Any CPU
		{0152320E-D080-457A-8DA7-731AA05A78E2}.Release|Any CPU.ActiveCfg = Release|Any CPU
		{0152320E-D080-457A-8DA7-731AA05A78E2}.Release|Any CPU.Build.0 = Release|Any CPU
		{0152320E-D080-457A-8DA7-731AA05A78E2}.Release|Any CPU.Deploy.0 = Release|Any CPU
		{0152320E-D080-457A-8DA7-731AA05A78E2}.Release|iPhone.ActiveCfg = Release|Any CPU
		{0152320E-D080-457A-8DA7-731AA05A78E2}.Release|iPhone.Build.0 = Release|Any CPU
		{0152320E-D080-457A-8DA7-731AA05A78E2}.Release|iPhone.Deploy.0 = Release|Any CPU
		{0152320E-D080-457A-8DA7-731AA05A78E2}.Release|iPhoneSimulator.ActiveCfg = Release|Any CPU
		{0152320E-D080-457A-8DA7-731AA05A78E2}.Release|iPhoneSimulator.Build.0 = Release|Any CPU
		{0152320E-D080-457A-8DA7-731AA05A78E2}.Release|iPhoneSimulator.Deploy.0 = Release|Any CPU
		{74A3B0B8-24ED-4687-93C4-158F77C0BADA}.Debug|Any CPU.ActiveCfg = Debug|iPhone
		{74A3B0B8-24ED-4687-93C4-158F77C0BADA}.Debug|iPhone.ActiveCfg = Debug|iPhone
		{74A3B0B8-24ED-4687-93C4-158F77C0BADA}.Debug|iPhone.Build.0 = Debug|iPhone
		{74A3B0B8-24ED-4687-93C4-158F77C0BADA}.Debug|iPhoneSimulator.ActiveCfg = Debug|iPhoneSimulator
		{74A3B0B8-24ED-4687-93C4-158F77C0BADA}.Debug|iPhoneSimulator.Build.0 = Debug|iPhoneSimulator
		{74A3B0B8-24ED-4687-93C4-158F77C0BADA}.Release|Any CPU.ActiveCfg = Release|iPhone
		{74A3B0B8-24ED-4687-93C4-158F77C0BADA}.Release|iPhone.ActiveCfg = Release|iPhone
		{74A3B0B8-24ED-4687-93C4-158F77C0BADA}.Release|iPhone.Build.0 = Release|iPhone
		{74A3B0B8-24ED-4687-93C4-158F77C0BADA}.Release|iPhoneSimulator.ActiveCfg = Release|iPhoneSimulator
		{74A3B0B8-24ED-4687-93C4-158F77C0BADA}.Release|iPhoneSimulator.Build.0 = Release|iPhoneSimulator
		{CD874648-5068-42A1-90F0-064D89FBCCEC}.Debug|Any CPU.ActiveCfg = Debug|Any CPU
		{CD874648-5068-42A1-90F0-064D89FBCCEC}.Debug|Any CPU.Build.0 = Debug|Any CPU
		{CD874648-5068-42A1-90F0-064D89FBCCEC}.Debug|iPhone.ActiveCfg = Debug|Any CPU
		{CD874648-5068-42A1-90F0-064D89FBCCEC}.Debug|iPhone.Build.0 = Debug|Any CPU
		{CD874648-5068-42A1-90F0-064D89FBCCEC}.Debug|iPhoneSimulator.ActiveCfg = Debug|Any CPU
		{CD874648-5068-42A1-90F0-064D89FBCCEC}.Debug|iPhoneSimulator.Build.0 = Debug|Any CPU
		{CD874648-5068-42A1-90F0-064D89FBCCEC}.Release|Any CPU.ActiveCfg = Release|Any CPU
		{CD874648-5068-42A1-90F0-064D89FBCCEC}.Release|Any CPU.Build.0 = Release|Any CPU
		{CD874648-5068-42A1-90F0-064D89FBCCEC}.Release|iPhone.ActiveCfg = Release|Any CPU
		{CD874648-5068-42A1-90F0-064D89FBCCEC}.Release|iPhone.Build.0 = Release|Any CPU
		{CD874648-5068-42A1-90F0-064D89FBCCEC}.Release|iPhoneSimulator.ActiveCfg = Release|Any CPU
		{CD874648-5068-42A1-90F0-064D89FBCCEC}.Release|iPhoneSimulator.Build.0 = Release|Any CPU
		{DF3A9DCD-E017-4CBC-9875-DABB9E4D2E23}.Debug|Any CPU.ActiveCfg = Debug|Any CPU
		{DF3A9DCD-E017-4CBC-9875-DABB9E4D2E23}.Debug|Any CPU.Build.0 = Debug|Any CPU
		{DF3A9DCD-E017-4CBC-9875-DABB9E4D2E23}.Debug|Any CPU.Deploy.0 = Debug|Any CPU
		{DF3A9DCD-E017-4CBC-9875-DABB9E4D2E23}.Debug|iPhone.ActiveCfg = Debug|Any CPU
		{DF3A9DCD-E017-4CBC-9875-DABB9E4D2E23}.Debug|iPhone.Build.0 = Debug|Any CPU
		{DF3A9DCD-E017-4CBC-9875-DABB9E4D2E23}.Debug|iPhone.Deploy.0 = Debug|Any CPU
		{DF3A9DCD-E017-4CBC-9875-DABB9E4D2E23}.Debug|iPhoneSimulator.ActiveCfg = Debug|Any CPU
		{DF3A9DCD-E017-4CBC-9875-DABB9E4D2E23}.Debug|iPhoneSimulator.Build.0 = Debug|Any CPU
		{DF3A9DCD-E017-4CBC-9875-DABB9E4D2E23}.Debug|iPhoneSimulator.Deploy.0 = Debug|Any CPU
		{DF3A9DCD-E017-4CBC-9875-DABB9E4D2E23}.Release|Any CPU.ActiveCfg = Release|Any CPU
		{DF3A9DCD-E017-4CBC-9875-DABB9E4D2E23}.Release|Any CPU.Build.0 = Release|Any CPU
		{DF3A9DCD-E017-4CBC-9875-DABB9E4D2E23}.Release|Any CPU.Deploy.0 = Release|Any CPU
		{DF3A9DCD-E017-4CBC-9875-DABB9E4D2E23}.Release|iPhone.ActiveCfg = Release|Any CPU
		{DF3A9DCD-E017-4CBC-9875-DABB9E4D2E23}.Release|iPhone.Build.0 = Release|Any CPU
		{DF3A9DCD-E017-4CBC-9875-DABB9E4D2E23}.Release|iPhone.Deploy.0 = Release|Any CPU
		{DF3A9DCD-E017-4CBC-9875-DABB9E4D2E23}.Release|iPhoneSimulator.ActiveCfg = Release|Any CPU
		{DF3A9DCD-E017-4CBC-9875-DABB9E4D2E23}.Release|iPhoneSimulator.Build.0 = Release|Any CPU
		{DF3A9DCD-E017-4CBC-9875-DABB9E4D2E23}.Release|iPhoneSimulator.Deploy.0 = Release|Any CPU
		{8AFFA212-0EDD-42C5-9DED-A7C2147F1511}.Debug|Any CPU.ActiveCfg = Debug|iPhone
		{8AFFA212-0EDD-42C5-9DED-A7C2147F1511}.Debug|iPhone.ActiveCfg = Debug|iPhone
		{8AFFA212-0EDD-42C5-9DED-A7C2147F1511}.Debug|iPhone.Build.0 = Debug|iPhone
		{8AFFA212-0EDD-42C5-9DED-A7C2147F1511}.Debug|iPhoneSimulator.ActiveCfg = Debug|iPhoneSimulator
		{8AFFA212-0EDD-42C5-9DED-A7C2147F1511}.Debug|iPhoneSimulator.Build.0 = Debug|iPhoneSimulator
		{8AFFA212-0EDD-42C5-9DED-A7C2147F1511}.Release|Any CPU.ActiveCfg = Release|iPhone
		{8AFFA212-0EDD-42C5-9DED-A7C2147F1511}.Release|iPhone.ActiveCfg = Release|iPhone
		{8AFFA212-0EDD-42C5-9DED-A7C2147F1511}.Release|iPhone.Build.0 = Release|iPhone
		{8AFFA212-0EDD-42C5-9DED-A7C2147F1511}.Release|iPhoneSimulator.ActiveCfg = Release|iPhoneSimulator
		{8AFFA212-0EDD-42C5-9DED-A7C2147F1511}.Release|iPhoneSimulator.Build.0 = Release|iPhoneSimulator
		{2F5EFD02-123A-4CE6-A4F9-D92EB743B38E}.Debug|Any CPU.ActiveCfg = Debug|Any CPU
		{2F5EFD02-123A-4CE6-A4F9-D92EB743B38E}.Debug|Any CPU.Build.0 = Debug|Any CPU
		{2F5EFD02-123A-4CE6-A4F9-D92EB743B38E}.Debug|iPhone.ActiveCfg = Debug|Any CPU
		{2F5EFD02-123A-4CE6-A4F9-D92EB743B38E}.Debug|iPhone.Build.0 = Debug|Any CPU
		{2F5EFD02-123A-4CE6-A4F9-D92EB743B38E}.Debug|iPhoneSimulator.ActiveCfg = Debug|Any CPU
		{2F5EFD02-123A-4CE6-A4F9-D92EB743B38E}.Debug|iPhoneSimulator.Build.0 = Debug|Any CPU
		{2F5EFD02-123A-4CE6-A4F9-D92EB743B38E}.Release|Any CPU.ActiveCfg = Release|Any CPU
		{2F5EFD02-123A-4CE6-A4F9-D92EB743B38E}.Release|Any CPU.Build.0 = Release|Any CPU
		{2F5EFD02-123A-4CE6-A4F9-D92EB743B38E}.Release|iPhone.ActiveCfg = Release|Any CPU
		{2F5EFD02-123A-4CE6-A4F9-D92EB743B38E}.Release|iPhone.Build.0 = Release|Any CPU
		{2F5EFD02-123A-4CE6-A4F9-D92EB743B38E}.Release|iPhoneSimulator.ActiveCfg = Release|Any CPU
		{2F5EFD02-123A-4CE6-A4F9-D92EB743B38E}.Release|iPhoneSimulator.Build.0 = Release|Any CPU
	EndGlobalSection
	GlobalSection(SolutionProperties) = preSolution
		HideSolutionNode = FALSE
	EndGlobalSection
	GlobalSection(ExtensibilityGlobals) = postSolution
		SolutionGuid = {9455AB97-FF69-4F4A-9E3E-BB410296A633}
	EndGlobalSection
EndGlobal
